# THIS IS AN AUTOGENERATED FILE. DO NOT EDIT THIS FILE DIRECTLY.
# yarn lockfile v1


opener@^1.5.1:
  version "1.5.1"
  resolved "https://registry.yarnpkg.com/opener/-/opener-1.5.1.tgz#6d2f0e77f1a0af0032aca716c2c1fbb8e7e8abed"
  integrity sha512-goYSy5c2UXE4Ra1xixabeVh1guIX/ZV/YokJksb6q2lubWu6UbvPQ20p542/sFIll1nl8JnCyK9oBaOcCWXwvA==
